// !$*UTF8*$!
{
	archiveVersion = 1;
	classes = {
	};
	objectVersion = 56;
	objects = {

/* Begin PBXBuildFile section */
		7F1B1DA129473B0E0057D568 /* Agerareru.storyboard in Resources */ = {isa = PBXBuildFile; fileRef = 7F1B1DA029473B0E0057D568 /* Agerareru.storyboard */; };
		7F1B1DA229473B0E0057D568 /* Agerareru.storyboard in Resources */ = {isa = PBXBuildFile; fileRef = 7F1B1DA029473B0E0057D568 /* Agerareru.storyboard */; };
		7F1B1DA329473B0E0057D568 /* Agerareru.storyboard in Resources */ = {isa = PBXBuildFile; fileRef = 7F1B1DA029473B0E0057D568 /* Agerareru.storyboard */; };
		7F1B1DA529473B9B0057D568 /* PastAgeViewController.swift in Sources */ = {isa = PBXBuildFile; fileRef = 7F1B1DA429473B9B0057D568 /* PastAgeViewController.swift */; };
		7F1B1DA629473B9B0057D568 /* PastAgeViewController.swift in Sources */ = {isa = PBXBuildFile; fileRef = 7F1B1DA429473B9B0057D568 /* PastAgeViewController.swift */; };
		7F1B1DA729473B9B0057D568 /* PastAgeViewController.swift in Sources */ = {isa = PBXBuildFile; fileRef = 7F1B1DA429473B9B0057D568 /* PastAgeViewController.swift */; };
		7F1B1DAA29473BC90057D568 /* PastAge.storyboard in Resources */ = {isa = PBXBuildFile; fileRef = 7F1B1DA929473BC90057D568 /* PastAge.storyboard */; };
		7F1B1DAB29473BC90057D568 /* PastAge.storyboard in Resources */ = {isa = PBXBuildFile; fileRef = 7F1B1DA929473BC90057D568 /* PastAge.storyboard */; };
		7F1B1DAC29473BC90057D568 /* PastAge.storyboard in Resources */ = {isa = PBXBuildFile; fileRef = 7F1B1DA929473BC90057D568 /* PastAge.storyboard */; };
		7F2FF897294D63AA000752D2 /* GoogleService-Info.plist in Resources */ = {isa = PBXBuildFile; fileRef = 7F2FF896294D63AA000752D2 /* GoogleService-Info.plist */; };
		7F2FF898294D63AA000752D2 /* GoogleService-Info.plist in Resources */ = {isa = PBXBuildFile; fileRef = 7F2FF896294D63AA000752D2 /* GoogleService-Info.plist */; };
		7F2FF899294D63AA000752D2 /* GoogleService-Info.plist in Resources */ = {isa = PBXBuildFile; fileRef = 7F2FF896294D63AA000752D2 /* GoogleService-Info.plist */; };
		7F2FF89B294D6782000752D2 /* title.mp3 in Resources */ = {isa = PBXBuildFile; fileRef = 7F2FF89A294D6782000752D2 /* title.mp3 */; };
		7F2FF89C294D6782000752D2 /* title.mp3 in Resources */ = {isa = PBXBuildFile; fileRef = 7F2FF89A294D6782000752D2 /* title.mp3 */; };
		7F2FF89D294D6782000752D2 /* title.mp3 in Resources */ = {isa = PBXBuildFile; fileRef = 7F2FF89A294D6782000752D2 /* title.mp3 */; };
		7F2FF89F294E75D1000752D2 /* SelectCheckViewController.swift in Sources */ = {isa = PBXBuildFile; fileRef = 7F2FF89E294E75D1000752D2 /* SelectCheckViewController.swift */; };
		7F2FF8A0294E75D1000752D2 /* SelectCheckViewController.swift in Sources */ = {isa = PBXBuildFile; fileRef = 7F2FF89E294E75D1000752D2 /* SelectCheckViewController.swift */; };
		7F2FF8A1294E75D1000752D2 /* SelectCheckViewController.swift in Sources */ = {isa = PBXBuildFile; fileRef = 7F2FF89E294E75D1000752D2 /* SelectCheckViewController.swift */; };
		7F2FF8A3294E75E8000752D2 /* SelectCheck.storyboard in Resources */ = {isa = PBXBuildFile; fileRef = 7F2FF8A2294E75E8000752D2 /* SelectCheck.storyboard */; };
		7F2FF8A4294E75E8000752D2 /* SelectCheck.storyboard in Resources */ = {isa = PBXBuildFile; fileRef = 7F2FF8A2294E75E8000752D2 /* SelectCheck.storyboard */; };
		7F2FF8A5294E75E8000752D2 /* SelectCheck.storyboard in Resources */ = {isa = PBXBuildFile; fileRef = 7F2FF8A2294E75E8000752D2 /* SelectCheck.storyboard */; };
		7F632F80294BFFAE00578F01 /* RoomSelectViewController.swift in Sources */ = {isa = PBXBuildFile; fileRef = 7F632F7F294BFFAE00578F01 /* RoomSelectViewController.swift */; };
		7F632F81294BFFAE00578F01 /* RoomSelectViewController.swift in Sources */ = {isa = PBXBuildFile; fileRef = 7F632F7F294BFFAE00578F01 /* RoomSelectViewController.swift */; };
		7F632F82294BFFAE00578F01 /* RoomSelectViewController.swift in Sources */ = {isa = PBXBuildFile; fileRef = 7F632F7F294BFFAE00578F01 /* RoomSelectViewController.swift */; };
		7F632F84294BFFB600578F01 /* RoomSelect.storyboard in Resources */ = {isa = PBXBuildFile; fileRef = 7F632F83294BFFB600578F01 /* RoomSelect.storyboard */; };
		7F632F85294BFFB600578F01 /* RoomSelect.storyboard in Resources */ = {isa = PBXBuildFile; fileRef = 7F632F83294BFFB600578F01 /* RoomSelect.storyboard */; };
		7F632F86294BFFB600578F01 /* RoomSelect.storyboard in Resources */ = {isa = PBXBuildFile; fileRef = 7F632F83294BFFB600578F01 /* RoomSelect.storyboard */; };
		7F632F9E294D1F0900578F01 /* FirebaseAnalytics in Frameworks */ = {isa = PBXBuildFile; productRef = 7F632F9D294D1F0900578F01 /* FirebaseAnalytics */; };
		7F632FA0294D1F0900578F01 /* FirebaseDatabase in Frameworks */ = {isa = PBXBuildFile; productRef = 7F632F9F294D1F0900578F01 /* FirebaseDatabase */; };
		7F632FA3294D20D500578F01 /* SwiftyGif in Frameworks */ = {isa = PBXBuildFile; productRef = 7F632FA2294D20D500578F01 /* SwiftyGif */; };
		7F632FA6294D236100578F01 /* どうあげ 1.gif in Resources */ = {isa = PBXBuildFile; fileRef = 7F632FA5294D236100578F01 /* どうあげ 1.gif */; };
		7F632FA7294D236100578F01 /* どうあげ 1.gif in Resources */ = {isa = PBXBuildFile; fileRef = 7F632FA5294D236100578F01 /* どうあげ 1.gif */; };
		7F632FA8294D236100578F01 /* どうあげ 1.gif in Resources */ = {isa = PBXBuildFile; fileRef = 7F632FA5294D236100578F01 /* どうあげ 1.gif */; };
		7F632FAA294D236B00578F01 /* 縦持ちロード.gif in Resources */ = {isa = PBXBuildFile; fileRef = 7F632FA9294D236B00578F01 /* 縦持ちロード.gif */; };
		7F632FAB294D236B00578F01 /* 縦持ちロード.gif in Resources */ = {isa = PBXBuildFile; fileRef = 7F632FA9294D236B00578F01 /* 縦持ちロード.gif */; };
		7F632FAC294D236B00578F01 /* 縦持ちロード.gif in Resources */ = {isa = PBXBuildFile; fileRef = 7F632FA9294D236B00578F01 /* 縦持ちロード.gif */; };
		7F632FAE294D238500578F01 /* 横持ちロード.gif in Resources */ = {isa = PBXBuildFile; fileRef = 7F632FAD294D238500578F01 /* 横持ちロード.gif */; };
		7F632FAF294D238500578F01 /* 横持ちロード.gif in Resources */ = {isa = PBXBuildFile; fileRef = 7F632FAD294D238500578F01 /* 横持ちロード.gif */; };
		7F632FB0294D238500578F01 /* 横持ちロード.gif in Resources */ = {isa = PBXBuildFile; fileRef = 7F632FAD294D238500578F01 /* 横持ちロード.gif */; };
		7F632FB2294D23A600578F01 /* アガる 1.gif in Resources */ = {isa = PBXBuildFile; fileRef = 7F632FB1294D23A600578F01 /* アガる 1.gif */; };
		7F632FB3294D23A600578F01 /* アガる 1.gif in Resources */ = {isa = PBXBuildFile; fileRef = 7F632FB1294D23A600578F01 /* アガる 1.gif */; };
		7F632FB4294D23A600578F01 /* アガる 1.gif in Resources */ = {isa = PBXBuildFile; fileRef = 7F632FB1294D23A600578F01 /* アガる 1.gif */; };
		7F632FB6294D23AF00578F01 /* アゲる手 1.gif in Resources */ = {isa = PBXBuildFile; fileRef = 7F632FB5294D23AF00578F01 /* アゲる手 1.gif */; };
		7F632FB7294D23AF00578F01 /* アゲる手 1.gif in Resources */ = {isa = PBXBuildFile; fileRef = 7F632FB5294D23AF00578F01 /* アゲる手 1.gif */; };
		7F632FB8294D23AF00578F01 /* アゲる手 1.gif in Resources */ = {isa = PBXBuildFile; fileRef = 7F632FB5294D23AF00578F01 /* アゲる手 1.gif */; };
		7F66CD55294A0CD60068BCEC /* niku.ttf in Resources */ = {isa = PBXBuildFile; fileRef = 7FD113F92949FD6A007497BE /* niku.ttf */; };
		7F66CD5B294B41300068BCEC /* UIColor.swift in Sources */ = {isa = PBXBuildFile; fileRef = 7F66CD5A294B41300068BCEC /* UIColor.swift */; };
		7F66CD5F294B63EC0068BCEC /* AgeruPubilcRoomViewController.swift in Sources */ = {isa = PBXBuildFile; fileRef = 7F66CD5E294B63EC0068BCEC /* AgeruPubilcRoomViewController.swift */; };
		7F66CD60294B63EC0068BCEC /* AgeruPubilcRoomViewController.swift in Sources */ = {isa = PBXBuildFile; fileRef = 7F66CD5E294B63EC0068BCEC /* AgeruPubilcRoomViewController.swift */; };
		7F66CD61294B63EC0068BCEC /* AgeruPubilcRoomViewController.swift in Sources */ = {isa = PBXBuildFile; fileRef = 7F66CD5E294B63EC0068BCEC /* AgeruPubilcRoomViewController.swift */; };
		7F66CD63294B63FD0068BCEC /* AgeruPublicRoom.storyboard in Resources */ = {isa = PBXBuildFile; fileRef = 7F66CD62294B63FD0068BCEC /* AgeruPublicRoom.storyboard */; };
		7F66CD64294B63FD0068BCEC /* AgeruPublicRoom.storyboard in Resources */ = {isa = PBXBuildFile; fileRef = 7F66CD62294B63FD0068BCEC /* AgeruPublicRoom.storyboard */; };
		7F66CD65294B63FD0068BCEC /* AgeruPublicRoom.storyboard in Resources */ = {isa = PBXBuildFile; fileRef = 7F66CD62294B63FD0068BCEC /* AgeruPublicRoom.storyboard */; };
		7F66CD66294B6C340068BCEC /* Assets.xcassets in Resources */ = {isa = PBXBuildFile; fileRef = 7F8BAA432944683A00AC32CB /* Assets.xcassets */; };
		7F66CD67294B6C340068BCEC /* Assets.xcassets in Resources */ = {isa = PBXBuildFile; fileRef = 7F8BAA432944683A00AC32CB /* Assets.xcassets */; };
		7F66CD68294B6C340068BCEC /* Assets.xcassets in Resources */ = {isa = PBXBuildFile; fileRef = 7F8BAA432944683A00AC32CB /* Assets.xcassets */; };
		7F66CD6C294BCB7C0068BCEC /* CreateRoomViewController.swift in Sources */ = {isa = PBXBuildFile; fileRef = 7F66CD6B294BCB7C0068BCEC /* CreateRoomViewController.swift */; };
		7F66CD6D294BCB7C0068BCEC /* CreateRoomViewController.swift in Sources */ = {isa = PBXBuildFile; fileRef = 7F66CD6B294BCB7C0068BCEC /* CreateRoomViewController.swift */; };
		7F66CD6E294BCB7C0068BCEC /* CreateRoomViewController.swift in Sources */ = {isa = PBXBuildFile; fileRef = 7F66CD6B294BCB7C0068BCEC /* CreateRoomViewController.swift */; };
		7F66CD70294BCB890068BCEC /* CreateRoom.storyboard in Resources */ = {isa = PBXBuildFile; fileRef = 7F66CD6F294BCB890068BCEC /* CreateRoom.storyboard */; };
		7F66CD71294BCB890068BCEC /* CreateRoom.storyboard in Resources */ = {isa = PBXBuildFile; fileRef = 7F66CD6F294BCB890068BCEC /* CreateRoom.storyboard */; };
		7F66CD72294BCB890068BCEC /* CreateRoom.storyboard in Resources */ = {isa = PBXBuildFile; fileRef = 7F66CD6F294BCB890068BCEC /* CreateRoom.storyboard */; };
		7F8BAA382944683900AC32CB /* AppDelegate.swift in Sources */ = {isa = PBXBuildFile; fileRef = 7F8BAA372944683900AC32CB /* AppDelegate.swift */; };
		7F8BAA3A2944683900AC32CB /* SceneDelegate.swift in Sources */ = {isa = PBXBuildFile; fileRef = 7F8BAA392944683900AC32CB /* SceneDelegate.swift */; };
		7F8BAA3C2944683900AC32CB /* AgeruSetViewController.swift in Sources */ = {isa = PBXBuildFile; fileRef = 7F8BAA3B2944683900AC32CB /* AgeruSetViewController.swift */; };
		7F8BAA3F2944683900AC32CB /* Title.storyboard in Resources */ = {isa = PBXBuildFile; fileRef = 7F8BAA3D2944683900AC32CB /* Title.storyboard */; };
		7F8BAA422944683900AC32CB /* p2hacks2022.xcdatamodeld in Sources */ = {isa = PBXBuildFile; fileRef = 7F8BAA402944683900AC32CB /* p2hacks2022.xcdatamodeld */; };
		7F8BAA472944683A00AC32CB /* LaunchScreen.storyboard in Resources */ = {isa = PBXBuildFile; fileRef = 7F8BAA452944683A00AC32CB /* LaunchScreen.storyboard */; };
		7F8BAA522944683B00AC32CB /* p2hacks2022Tests.swift in Sources */ = {isa = PBXBuildFile; fileRef = 7F8BAA512944683B00AC32CB /* p2hacks2022Tests.swift */; };
		7F8BAA5C2944683B00AC32CB /* p2hacks2022UITests.swift in Sources */ = {isa = PBXBuildFile; fileRef = 7F8BAA5B2944683B00AC32CB /* p2hacks2022UITests.swift */; };
		7F8BAA5E2944683B00AC32CB /* p2hacks2022UITestsLaunchTests.swift in Sources */ = {isa = PBXBuildFile; fileRef = 7F8BAA5D2944683B00AC32CB /* p2hacks2022UITestsLaunchTests.swift */; };
		7F8BAA702947397100AC32CB /* TitleViewController.swift in Sources */ = {isa = PBXBuildFile; fileRef = 7F8BAA6F2947397100AC32CB /* TitleViewController.swift */; };
		7F8BAA712947397100AC32CB /* TitleViewController.swift in Sources */ = {isa = PBXBuildFile; fileRef = 7F8BAA6F2947397100AC32CB /* TitleViewController.swift */; };
		7F8BAA722947397100AC32CB /* TitleViewController.swift in Sources */ = {isa = PBXBuildFile; fileRef = 7F8BAA6F2947397100AC32CB /* TitleViewController.swift */; };
		7F8BAA742947399400AC32CB /* AgeruSet.storyboard in Resources */ = {isa = PBXBuildFile; fileRef = 7F8BAA732947399400AC32CB /* AgeruSet.storyboard */; };
		7F8BAA752947399400AC32CB /* AgeruSet.storyboard in Resources */ = {isa = PBXBuildFile; fileRef = 7F8BAA732947399400AC32CB /* AgeruSet.storyboard */; };
		7F8BAA762947399400AC32CB /* AgeruSet.storyboard in Resources */ = {isa = PBXBuildFile; fileRef = 7F8BAA732947399400AC32CB /* AgeruSet.storyboard */; };
		7F8BAA7929473A1A00AC32CB /* AgeruViewController.swift in Sources */ = {isa = PBXBuildFile; fileRef = 7F8BAA7829473A1A00AC32CB /* AgeruViewController.swift */; };
		7F8BAA7A29473A1A00AC32CB /* AgeruViewController.swift in Sources */ = {isa = PBXBuildFile; fileRef = 7F8BAA7829473A1A00AC32CB /* AgeruViewController.swift */; };
		7F8BAA7B29473A1A00AC32CB /* AgeruViewController.swift in Sources */ = {isa = PBXBuildFile; fileRef = 7F8BAA7829473A1A00AC32CB /* AgeruViewController.swift */; };
		7F8BAA7D29473A2800AC32CB /* Ageru.storyboard in Resources */ = {isa = PBXBuildFile; fileRef = 7F8BAA7C29473A2800AC32CB /* Ageru.storyboard */; };
		7F8BAA7E29473A2800AC32CB /* Ageru.storyboard in Resources */ = {isa = PBXBuildFile; fileRef = 7F8BAA7C29473A2800AC32CB /* Ageru.storyboard */; };
		7F8BAA7F29473A2800AC32CB /* Ageru.storyboard in Resources */ = {isa = PBXBuildFile; fileRef = 7F8BAA7C29473A2800AC32CB /* Ageru.storyboard */; };
		7F8BAA8129473A4400AC32CB /* AgerareruViewController.swift in Sources */ = {isa = PBXBuildFile; fileRef = 7F8BAA8029473A4400AC32CB /* AgerareruViewController.swift */; };
		7F8BAA8229473A4400AC32CB /* AgerareruViewController.swift in Sources */ = {isa = PBXBuildFile; fileRef = 7F8BAA8029473A4400AC32CB /* AgerareruViewController.swift */; };
		7F8BAA8329473A4400AC32CB /* AgerareruViewController.swift in Sources */ = {isa = PBXBuildFile; fileRef = 7F8BAA8029473A4400AC32CB /* AgerareruViewController.swift */; };
		7FD113EF2949FB95007497BE /* AgeruPopup.storyboard in Resources */ = {isa = PBXBuildFile; fileRef = 7FD113EE2949FB95007497BE /* AgeruPopup.storyboard */; };
		7FD113F02949FB9D007497BE /* AgeruSetViewController.swift in Sources */ = {isa = PBXBuildFile; fileRef = 7F8BAA3B2944683900AC32CB /* AgeruSetViewController.swift */; };
		7FD113F12949FB9E007497BE /* AgeruSetViewController.swift in Sources */ = {isa = PBXBuildFile; fileRef = 7F8BAA3B2944683900AC32CB /* AgeruSetViewController.swift */; };
		7FD113F22949FBAE007497BE /* AgeruPopup.storyboard in Resources */ = {isa = PBXBuildFile; fileRef = 7FD113EE2949FB95007497BE /* AgeruPopup.storyboard */; };
		7FD113F32949FBAE007497BE /* AgeruPopup.storyboard in Resources */ = {isa = PBXBuildFile; fileRef = 7FD113EE2949FB95007497BE /* AgeruPopup.storyboard */; };
		7FD113F52949FBCF007497BE /* AgeruPopupViewController.swift in Sources */ = {isa = PBXBuildFile; fileRef = 7FD113F42949FBCF007497BE /* AgeruPopupViewController.swift */; };
		7FD113F62949FBCF007497BE /* AgeruPopupViewController.swift in Sources */ = {isa = PBXBuildFile; fileRef = 7FD113F42949FBCF007497BE /* AgeruPopupViewController.swift */; };
		7FD113F72949FBCF007497BE /* AgeruPopupViewController.swift in Sources */ = {isa = PBXBuildFile; fileRef = 7FD113F42949FBCF007497BE /* AgeruPopupViewController.swift */; };
/* End PBXBuildFile section */

/* Begin PBXContainerItemProxy section */
		7F8BAA4E2944683B00AC32CB /* PBXContainerItemProxy */ = {
			isa = PBXContainerItemProxy;
			containerPortal = 7F8BAA2C2944683900AC32CB /* Project object */;
			proxyType = 1;
			remoteGlobalIDString = 7F8BAA332944683900AC32CB;
			remoteInfo = p2hacks2022;
		};
		7F8BAA582944683B00AC32CB /* PBXContainerItemProxy */ = {
			isa = PBXContainerItemProxy;
			containerPortal = 7F8BAA2C2944683900AC32CB /* Project object */;
			proxyType = 1;
			remoteGlobalIDString = 7F8BAA332944683900AC32CB;
			remoteInfo = p2hacks2022;
		};
/* End PBXContainerItemProxy section */

/* Begin PBXFileReference section */
		7F1B1DA029473B0E0057D568 /* Agerareru.storyboard */ = {isa = PBXFileReference; lastKnownFileType = file.storyboard; path = Agerareru.storyboard; sourceTree = "<group>"; };
		7F1B1DA429473B9B0057D568 /* PastAgeViewController.swift */ = {isa = PBXFileReference; lastKnownFileType = sourcecode.swift; path = PastAgeViewController.swift; sourceTree = "<group>"; };
		7F1B1DA929473BC90057D568 /* PastAge.storyboard */ = {isa = PBXFileReference; lastKnownFileType = file.storyboard; path = PastAge.storyboard; sourceTree = "<group>"; };
		7F2FF896294D63AA000752D2 /* GoogleService-Info.plist */ = {isa = PBXFileReference; fileEncoding = 4; lastKnownFileType = text.plist.xml; path = "GoogleService-Info.plist"; sourceTree = "<group>"; };
		7F2FF89A294D6782000752D2 /* title.mp3 */ = {isa = PBXFileReference; lastKnownFileType = audio.mp3; path = title.mp3; sourceTree = "<group>"; };
		7F2FF89E294E75D1000752D2 /* SelectCheckViewController.swift */ = {isa = PBXFileReference; lastKnownFileType = sourcecode.swift; path = SelectCheckViewController.swift; sourceTree = "<group>"; };
		7F2FF8A2294E75E8000752D2 /* SelectCheck.storyboard */ = {isa = PBXFileReference; lastKnownFileType = file.storyboard; path = SelectCheck.storyboard; sourceTree = "<group>"; };
		7F632F7F294BFFAE00578F01 /* RoomSelectViewController.swift */ = {isa = PBXFileReference; lastKnownFileType = sourcecode.swift; path = RoomSelectViewController.swift; sourceTree = "<group>"; };
		7F632F83294BFFB600578F01 /* RoomSelect.storyboard */ = {isa = PBXFileReference; lastKnownFileType = file.storyboard; path = RoomSelect.storyboard; sourceTree = "<group>"; };
		7F632FA5294D236100578F01 /* どうあげ 1.gif */ = {isa = PBXFileReference; lastKnownFileType = image.gif; path = "どうあげ 1.gif"; sourceTree = "<group>"; };
		7F632FA9294D236B00578F01 /* 縦持ちロード.gif */ = {isa = PBXFileReference; lastKnownFileType = image.gif; path = "縦持ちロード.gif"; sourceTree = "<group>"; };
		7F632FAD294D238500578F01 /* 横持ちロード.gif */ = {isa = PBXFileReference; lastKnownFileType = image.gif; path = "横持ちロード.gif"; sourceTree = "<group>"; };
		7F632FB1294D23A600578F01 /* アガる 1.gif */ = {isa = PBXFileReference; lastKnownFileType = image.gif; path = "アガる 1.gif"; sourceTree = "<group>"; };
		7F632FB5294D23AF00578F01 /* アゲる手 1.gif */ = {isa = PBXFileReference; lastKnownFileType = image.gif; path = "アゲる手 1.gif"; sourceTree = "<group>"; };
		7F66CD5A294B41300068BCEC /* UIColor.swift */ = {isa = PBXFileReference; lastKnownFileType = sourcecode.swift; path = UIColor.swift; sourceTree = "<group>"; };
		7F66CD5E294B63EC0068BCEC /* AgeruPubilcRoomViewController.swift */ = {isa = PBXFileReference; lastKnownFileType = sourcecode.swift; path = AgeruPubilcRoomViewController.swift; sourceTree = "<group>"; };
		7F66CD62294B63FD0068BCEC /* AgeruPublicRoom.storyboard */ = {isa = PBXFileReference; lastKnownFileType = file.storyboard; path = AgeruPublicRoom.storyboard; sourceTree = "<group>"; };
		7F66CD6B294BCB7C0068BCEC /* CreateRoomViewController.swift */ = {isa = PBXFileReference; lastKnownFileType = sourcecode.swift; path = CreateRoomViewController.swift; sourceTree = "<group>"; };
		7F66CD6F294BCB890068BCEC /* CreateRoom.storyboard */ = {isa = PBXFileReference; lastKnownFileType = file.storyboard; path = CreateRoom.storyboard; sourceTree = "<group>"; };
		7F8BAA342944683900AC32CB /* p2hacks2022.app */ = {isa = PBXFileReference; explicitFileType = wrapper.application; includeInIndex = 0; path = p2hacks2022.app; sourceTree = BUILT_PRODUCTS_DIR; };
		7F8BAA372944683900AC32CB /* AppDelegate.swift */ = {isa = PBXFileReference; lastKnownFileType = sourcecode.swift; path = AppDelegate.swift; sourceTree = "<group>"; };
		7F8BAA392944683900AC32CB /* SceneDelegate.swift */ = {isa = PBXFileReference; lastKnownFileType = sourcecode.swift; path = SceneDelegate.swift; sourceTree = "<group>"; };
		7F8BAA3B2944683900AC32CB /* AgeruSetViewController.swift */ = {isa = PBXFileReference; lastKnownFileType = sourcecode.swift; path = AgeruSetViewController.swift; sourceTree = "<group>"; };
		7F8BAA3E2944683900AC32CB /* Base */ = {isa = PBXFileReference; lastKnownFileType = file.storyboard; name = Base; path = Base.lproj/Title.storyboard; sourceTree = "<group>"; };
		7F8BAA412944683900AC32CB /* p2hacks2022.xcdatamodel */ = {isa = PBXFileReference; lastKnownFileType = wrapper.xcdatamodel; path = p2hacks2022.xcdatamodel; sourceTree = "<group>"; };
		7F8BAA432944683A00AC32CB /* Assets.xcassets */ = {isa = PBXFileReference; lastKnownFileType = folder.assetcatalog; path = Assets.xcassets; sourceTree = "<group>"; };
		7F8BAA462944683A00AC32CB /* Base */ = {isa = PBXFileReference; lastKnownFileType = file.storyboard; name = Base; path = Base.lproj/LaunchScreen.storyboard; sourceTree = "<group>"; };
		7F8BAA482944683A00AC32CB /* Info.plist */ = {isa = PBXFileReference; lastKnownFileType = text.plist.xml; path = Info.plist; sourceTree = "<group>"; };
		7F8BAA4D2944683B00AC32CB /* p2hacks2022Tests.xctest */ = {isa = PBXFileReference; explicitFileType = wrapper.cfbundle; includeInIndex = 0; path = p2hacks2022Tests.xctest; sourceTree = BUILT_PRODUCTS_DIR; };
		7F8BAA512944683B00AC32CB /* p2hacks2022Tests.swift */ = {isa = PBXFileReference; lastKnownFileType = sourcecode.swift; path = p2hacks2022Tests.swift; sourceTree = "<group>"; };
		7F8BAA572944683B00AC32CB /* p2hacks2022UITests.xctest */ = {isa = PBXFileReference; explicitFileType = wrapper.cfbundle; includeInIndex = 0; path = p2hacks2022UITests.xctest; sourceTree = BUILT_PRODUCTS_DIR; };
		7F8BAA5B2944683B00AC32CB /* p2hacks2022UITests.swift */ = {isa = PBXFileReference; lastKnownFileType = sourcecode.swift; path = p2hacks2022UITests.swift; sourceTree = "<group>"; };
		7F8BAA5D2944683B00AC32CB /* p2hacks2022UITestsLaunchTests.swift */ = {isa = PBXFileReference; lastKnownFileType = sourcecode.swift; path = p2hacks2022UITestsLaunchTests.swift; sourceTree = "<group>"; };
		7F8BAA6F2947397100AC32CB /* TitleViewController.swift */ = {isa = PBXFileReference; lastKnownFileType = sourcecode.swift; path = TitleViewController.swift; sourceTree = "<group>"; };
		7F8BAA732947399400AC32CB /* AgeruSet.storyboard */ = {isa = PBXFileReference; lastKnownFileType = file.storyboard; path = AgeruSet.storyboard; sourceTree = "<group>"; };
		7F8BAA7829473A1A00AC32CB /* AgeruViewController.swift */ = {isa = PBXFileReference; lastKnownFileType = sourcecode.swift; path = AgeruViewController.swift; sourceTree = "<group>"; };
		7F8BAA7C29473A2800AC32CB /* Ageru.storyboard */ = {isa = PBXFileReference; lastKnownFileType = file.storyboard; path = Ageru.storyboard; sourceTree = "<group>"; };
		7F8BAA8029473A4400AC32CB /* AgerareruViewController.swift */ = {isa = PBXFileReference; lastKnownFileType = sourcecode.swift; path = AgerareruViewController.swift; sourceTree = "<group>"; };
		7FD113EE2949FB95007497BE /* AgeruPopup.storyboard */ = {isa = PBXFileReference; lastKnownFileType = file.storyboard; path = AgeruPopup.storyboard; sourceTree = "<group>"; };
		7FD113F42949FBCF007497BE /* AgeruPopupViewController.swift */ = {isa = PBXFileReference; lastKnownFileType = sourcecode.swift; path = AgeruPopupViewController.swift; sourceTree = "<group>"; };
		7FD113F92949FD6A007497BE /* niku.ttf */ = {isa = PBXFileReference; lastKnownFileType = file; path = niku.ttf; sourceTree = "<group>"; };
/* End PBXFileReference section */

/* Begin PBXFrameworksBuildPhase section */
		7F8BAA312944683900AC32CB /* Frameworks */ = {
			isa = PBXFrameworksBuildPhase;
			buildActionMask = 2147483647;
			files = (
				7F632FA0294D1F0900578F01 /* FirebaseDatabase in Frameworks */,
				7F632F9E294D1F0900578F01 /* FirebaseAnalytics in Frameworks */,
				7F632FA3294D20D500578F01 /* SwiftyGif in Frameworks */,
			);
			runOnlyForDeploymentPostprocessing = 0;
		};
		7F8BAA4A2944683B00AC32CB /* Frameworks */ = {
			isa = PBXFrameworksBuildPhase;
			buildActionMask = 2147483647;
			files = (
			);
			runOnlyForDeploymentPostprocessing = 0;
		};
		7F8BAA542944683B00AC32CB /* Frameworks */ = {
			isa = PBXFrameworksBuildPhase;
			buildActionMask = 2147483647;
			files = (
			);
			runOnlyForDeploymentPostprocessing = 0;
		};
/* End PBXFrameworksBuildPhase section */

/* Begin PBXGroup section */
		7F1B1DA829473BA20057D568 /* 過去あげ */ = {
			isa = PBXGroup;
			children = (
				7F1B1DA429473B9B0057D568 /* PastAgeViewController.swift */,
				7F1B1DA929473BC90057D568 /* PastAge.storyboard */,
			);
			name = "過去あげ";
			path = "過去あげ";
			sourceTree = "<group>";
		};
		7F2FF895294D6081000752D2 /* gif */ = {
			isa = PBXGroup;
			children = (
				7F632FAD294D238500578F01 /* 横持ちロード.gif */,
				7F632FA9294D236B00578F01 /* 縦持ちロード.gif */,
				7F632FB5294D23AF00578F01 /* アゲる手 1.gif */,
				7F632FB1294D23A600578F01 /* アガる 1.gif */,
				7F632FA5294D236100578F01 /* どうあげ 1.gif */,
			);
			path = gif;
			sourceTree = "<group>";
		};
		7F8BAA2B2944683900AC32CB = {
			isa = PBXGroup;
			children = (
				7F8BAA362944683900AC32CB /* p2hacks2022 */,
				7F8BAA502944683B00AC32CB /* p2hacks2022Tests */,
				7F8BAA5A2944683B00AC32CB /* p2hacks2022UITests */,
				7F8BAA352944683900AC32CB /* Products */,
			);
			sourceTree = "<group>";
		};
		7F8BAA352944683900AC32CB /* Products */ = {
			isa = PBXGroup;
			children = (
				7F8BAA342944683900AC32CB /* p2hacks2022.app */,
				7F8BAA4D2944683B00AC32CB /* p2hacks2022Tests.xctest */,
				7F8BAA572944683B00AC32CB /* p2hacks2022UITests.xctest */,
			);
			name = Products;
			sourceTree = "<group>";
		};
		7F8BAA362944683900AC32CB /* p2hacks2022 */ = {
			isa = PBXGroup;
			children = (
				7F2FF896294D63AA000752D2 /* GoogleService-Info.plist */,
				7F2FF89A294D6782000752D2 /* title.mp3 */,
				7F2FF895294D6081000752D2 /* gif */,
				7F66CD5A294B41300068BCEC /* UIColor.swift */,
				7F8BAA452944683A00AC32CB /* LaunchScreen.storyboard */,
				7F8BAA372944683900AC32CB /* AppDelegate.swift */,
				7F8BAA392944683900AC32CB /* SceneDelegate.swift */,
				7F8BAA77294739A400AC32CB /* Title */,
				7F8BAA6A2947387E00AC32CB /* アゲる準備画面 */,
				7F8BAA8829473AB600AC32CB /* あげる */,
				7F8BAA8929473ACF00AC32CB /* あげられる */,
				7F1B1DA829473BA20057D568 /* 過去あげ */,
				7FD113F82949FD1C007497BE /* fonts */,
				7F8BAA432944683A00AC32CB /* Assets.xcassets */,
				7F8BAA482944683A00AC32CB /* Info.plist */,
				7F8BAA402944683900AC32CB /* p2hacks2022.xcdatamodeld */,
			);
			path = p2hacks2022;
			sourceTree = "<group>";
		};
		7F8BAA502944683B00AC32CB /* p2hacks2022Tests */ = {
			isa = PBXGroup;
			children = (
				7F8BAA512944683B00AC32CB /* p2hacks2022Tests.swift */,
			);
			path = p2hacks2022Tests;
			sourceTree = "<group>";
		};
		7F8BAA5A2944683B00AC32CB /* p2hacks2022UITests */ = {
			isa = PBXGroup;
			children = (
				7F8BAA5B2944683B00AC32CB /* p2hacks2022UITests.swift */,
				7F8BAA5D2944683B00AC32CB /* p2hacks2022UITestsLaunchTests.swift */,
			);
			path = p2hacks2022UITests;
			sourceTree = "<group>";
		};
		7F8BAA6A2947387E00AC32CB /* アゲる準備画面 */ = {
			isa = PBXGroup;
			children = (
				7F8BAA3B2944683900AC32CB /* AgeruSetViewController.swift */,
				7F8BAA732947399400AC32CB /* AgeruSet.storyboard */,
				7F66CD5E294B63EC0068BCEC /* AgeruPubilcRoomViewController.swift */,
				7F66CD62294B63FD0068BCEC /* AgeruPublicRoom.storyboard */,
				7FD113F42949FBCF007497BE /* AgeruPopupViewController.swift */,
				7FD113EE2949FB95007497BE /* AgeruPopup.storyboard */,
				7F632F7F294BFFAE00578F01 /* RoomSelectViewController.swift */,
				7F632F83294BFFB600578F01 /* RoomSelect.storyboard */,
				7F2FF89E294E75D1000752D2 /* SelectCheckViewController.swift */,
				7F2FF8A2294E75E8000752D2 /* SelectCheck.storyboard */,
			);
			name = "アゲる準備画面";
			path = "アゲる準備画面";
			sourceTree = "<group>";
		};
		7F8BAA77294739A400AC32CB /* Title */ = {
			isa = PBXGroup;
			children = (
				7F8BAA6F2947397100AC32CB /* TitleViewController.swift */,
				7F8BAA3D2944683900AC32CB /* Title.storyboard */,
			);
			path = Title;
			sourceTree = "<group>";
		};
		7F8BAA8829473AB600AC32CB /* あげる */ = {
			isa = PBXGroup;
			children = (
				7F8BAA7829473A1A00AC32CB /* AgeruViewController.swift */,
				7F8BAA7C29473A2800AC32CB /* Ageru.storyboard */,
			);
			name = "あげる";
			path = "あげる";
			sourceTree = "<group>";
		};
		7F8BAA8929473ACF00AC32CB /* あげられる */ = {
			isa = PBXGroup;
			children = (
				7F8BAA8029473A4400AC32CB /* AgerareruViewController.swift */,
				7F1B1DA029473B0E0057D568 /* Agerareru.storyboard */,
				7F66CD6B294BCB7C0068BCEC /* CreateRoomViewController.swift */,
				7F66CD6F294BCB890068BCEC /* CreateRoom.storyboard */,
			);
			name = "あげられる";
			path = "あげられる";
			sourceTree = "<group>";
		};
		7FD113F82949FD1C007497BE /* fonts */ = {
			isa = PBXGroup;
			children = (
				7FD113F92949FD6A007497BE /* niku.ttf */,
			);
			path = fonts;
			sourceTree = "<group>";
		};
/* End PBXGroup section */

/* Begin PBXNativeTarget section */
		7F8BAA332944683900AC32CB /* p2hacks2022 */ = {
			isa = PBXNativeTarget;
			buildConfigurationList = 7F8BAA612944683B00AC32CB /* Build configuration list for PBXNativeTarget "p2hacks2022" */;
			buildPhases = (
				7F8BAA302944683900AC32CB /* Sources */,
				7F8BAA312944683900AC32CB /* Frameworks */,
				7F8BAA322944683900AC32CB /* Resources */,
			);
			buildRules = (
			);
			dependencies = (
			);
			name = p2hacks2022;
			packageProductDependencies = (
				7F632F9D294D1F0900578F01 /* FirebaseAnalytics */,
				7F632F9F294D1F0900578F01 /* FirebaseDatabase */,
				7F632FA2294D20D500578F01 /* SwiftyGif */,
			);
			productName = p2hacks2022;
			productReference = 7F8BAA342944683900AC32CB /* p2hacks2022.app */;
			productType = "com.apple.product-type.application";
		};
		7F8BAA4C2944683B00AC32CB /* p2hacks2022Tests */ = {
			isa = PBXNativeTarget;
			buildConfigurationList = 7F8BAA642944683B00AC32CB /* Build configuration list for PBXNativeTarget "p2hacks2022Tests" */;
			buildPhases = (
				7F8BAA492944683B00AC32CB /* Sources */,
				7F8BAA4A2944683B00AC32CB /* Frameworks */,
				7F8BAA4B2944683B00AC32CB /* Resources */,
			);
			buildRules = (
			);
			dependencies = (
				7F8BAA4F2944683B00AC32CB /* PBXTargetDependency */,
			);
			name = p2hacks2022Tests;
			productName = p2hacks2022Tests;
			productReference = 7F8BAA4D2944683B00AC32CB /* p2hacks2022Tests.xctest */;
			productType = "com.apple.product-type.bundle.unit-test";
		};
		7F8BAA562944683B00AC32CB /* p2hacks2022UITests */ = {
			isa = PBXNativeTarget;
			buildConfigurationList = 7F8BAA672944683B00AC32CB /* Build configuration list for PBXNativeTarget "p2hacks2022UITests" */;
			buildPhases = (
				7F8BAA532944683B00AC32CB /* Sources */,
				7F8BAA542944683B00AC32CB /* Frameworks */,
				7F8BAA552944683B00AC32CB /* Resources */,
			);
			buildRules = (
			);
			dependencies = (
				7F8BAA592944683B00AC32CB /* PBXTargetDependency */,
			);
			name = p2hacks2022UITests;
			productName = p2hacks2022UITests;
			productReference = 7F8BAA572944683B00AC32CB /* p2hacks2022UITests.xctest */;
			productType = "com.apple.product-type.bundle.ui-testing";
		};
/* End PBXNativeTarget section */

/* Begin PBXProject section */
		7F8BAA2C2944683900AC32CB /* Project object */ = {
			isa = PBXProject;
			attributes = {
				BuildIndependentTargetsInParallel = 1;
				LastSwiftUpdateCheck = 1410;
				LastUpgradeCheck = 1410;
				TargetAttributes = {
					7F8BAA332944683900AC32CB = {
						CreatedOnToolsVersion = 14.1;
					};
					7F8BAA4C2944683B00AC32CB = {
						CreatedOnToolsVersion = 14.1;
						TestTargetID = 7F8BAA332944683900AC32CB;
					};
					7F8BAA562944683B00AC32CB = {
						CreatedOnToolsVersion = 14.1;
						TestTargetID = 7F8BAA332944683900AC32CB;
					};
				};
			};
			buildConfigurationList = 7F8BAA2F2944683900AC32CB /* Build configuration list for PBXProject "p2hacks2022" */;
			compatibilityVersion = "Xcode 14.0";
			developmentRegion = en;
			hasScannedForEncodings = 0;
			knownRegions = (
				en,
				Base,
			);
			mainGroup = 7F8BAA2B2944683900AC32CB;
			packageReferences = (
				7F632F9C294D1F0900578F01 /* XCRemoteSwiftPackageReference "firebase-ios-sdk" */,
				7F632FA1294D20D500578F01 /* XCRemoteSwiftPackageReference "SwiftyGif" */,
			);
			productRefGroup = 7F8BAA352944683900AC32CB /* Products */;
			projectDirPath = "";
			projectRoot = "";
			targets = (
				7F8BAA332944683900AC32CB /* p2hacks2022 */,
				7F8BAA4C2944683B00AC32CB /* p2hacks2022Tests */,
				7F8BAA562944683B00AC32CB /* p2hacks2022UITests */,
			);
		};
/* End PBXProject section */

/* Begin PBXResourcesBuildPhase section */
		7F8BAA322944683900AC32CB /* Resources */ = {
			isa = PBXResourcesBuildPhase;
			buildActionMask = 2147483647;
			files = (
				7F632FB2294D23A600578F01 /* アガる 1.gif in Resources */,
				7F66CD55294A0CD60068BCEC /* niku.ttf in Resources */,
				7F632FA6294D236100578F01 /* どうあげ 1.gif in Resources */,
				7F2FF89B294D6782000752D2 /* title.mp3 in Resources */,
				7F632FB6294D23AF00578F01 /* アゲる手 1.gif in Resources */,
				7F632F84294BFFB600578F01 /* RoomSelect.storyboard in Resources */,
				7F8BAA472944683A00AC32CB /* LaunchScreen.storyboard in Resources */,
				7F632FAE294D238500578F01 /* 横持ちロード.gif in Resources */,
				7F8BAA742947399400AC32CB /* AgeruSet.storyboard in Resources */,
				7F8BAA7D29473A2800AC32CB /* Ageru.storyboard in Resources */,
				7F632FAA294D236B00578F01 /* 縦持ちロード.gif in Resources */,
				7F66CD70294BCB890068BCEC /* CreateRoom.storyboard in Resources */,
				7F2FF897294D63AA000752D2 /* GoogleService-Info.plist in Resources */,
				7F66CD67294B6C340068BCEC /* Assets.xcassets in Resources */,
				7FD113EF2949FB95007497BE /* AgeruPopup.storyboard in Resources */,
				7F2FF8A3294E75E8000752D2 /* SelectCheck.storyboard in Resources */,
				7F8BAA3F2944683900AC32CB /* Title.storyboard in Resources */,
				7F66CD63294B63FD0068BCEC /* AgeruPublicRoom.storyboard in Resources */,
				7F1B1DA129473B0E0057D568 /* Agerareru.storyboard in Resources */,
				7F1B1DAA29473BC90057D568 /* PastAge.storyboard in Resources */,
			);
			runOnlyForDeploymentPostprocessing = 0;
		};
		7F8BAA4B2944683B00AC32CB /* Resources */ = {
			isa = PBXResourcesBuildPhase;
			buildActionMask = 2147483647;
			files = (
				7F8BAA752947399400AC32CB /* AgeruSet.storyboard in Resources */,
				7F632FAB294D236B00578F01 /* 縦持ちロード.gif in Resources */,
				7F2FF898294D63AA000752D2 /* GoogleService-Info.plist in Resources */,
				7F2FF8A4294E75E8000752D2 /* SelectCheck.storyboard in Resources */,
				7F8BAA7E29473A2800AC32CB /* Ageru.storyboard in Resources */,
				7F632FAF294D238500578F01 /* 横持ちロード.gif in Resources */,
				7F1B1DAB29473BC90057D568 /* PastAge.storyboard in Resources */,
				7F66CD64294B63FD0068BCEC /* AgeruPublicRoom.storyboard in Resources */,
				7F632F85294BFFB600578F01 /* RoomSelect.storyboard in Resources */,
				7F66CD66294B6C340068BCEC /* Assets.xcassets in Resources */,
				7F2FF89C294D6782000752D2 /* title.mp3 in Resources */,
				7F632FB3294D23A600578F01 /* アガる 1.gif in Resources */,
				7F66CD71294BCB890068BCEC /* CreateRoom.storyboard in Resources */,
				7F632FB7294D23AF00578F01 /* アゲる手 1.gif in Resources */,
				7F632FA7294D236100578F01 /* どうあげ 1.gif in Resources */,
				7FD113F22949FBAE007497BE /* AgeruPopup.storyboard in Resources */,
				7F1B1DA229473B0E0057D568 /* Agerareru.storyboard in Resources */,
			);
			runOnlyForDeploymentPostprocessing = 0;
		};
		7F8BAA552944683B00AC32CB /* Resources */ = {
			isa = PBXResourcesBuildPhase;
			buildActionMask = 2147483647;
			files = (
				7F8BAA762947399400AC32CB /* AgeruSet.storyboard in Resources */,
				7F632FAC294D236B00578F01 /* 縦持ちロード.gif in Resources */,
				7F2FF899294D63AA000752D2 /* GoogleService-Info.plist in Resources */,
				7F2FF8A5294E75E8000752D2 /* SelectCheck.storyboard in Resources */,
				7F8BAA7F29473A2800AC32CB /* Ageru.storyboard in Resources */,
				7F632FB0294D238500578F01 /* 横持ちロード.gif in Resources */,
				7F1B1DAC29473BC90057D568 /* PastAge.storyboard in Resources */,
				7F66CD65294B63FD0068BCEC /* AgeruPublicRoom.storyboard in Resources */,
				7F632F86294BFFB600578F01 /* RoomSelect.storyboard in Resources */,
				7F66CD68294B6C340068BCEC /* Assets.xcassets in Resources */,
				7F2FF89D294D6782000752D2 /* title.mp3 in Resources */,
				7F632FB4294D23A600578F01 /* アガる 1.gif in Resources */,
				7F66CD72294BCB890068BCEC /* CreateRoom.storyboard in Resources */,
				7F632FB8294D23AF00578F01 /* アゲる手 1.gif in Resources */,
				7F632FA8294D236100578F01 /* どうあげ 1.gif in Resources */,
				7FD113F32949FBAE007497BE /* AgeruPopup.storyboard in Resources */,
				7F1B1DA329473B0E0057D568 /* Agerareru.storyboard in Resources */,
			);
			runOnlyForDeploymentPostprocessing = 0;
		};
/* End PBXResourcesBuildPhase section */

/* Begin PBXSourcesBuildPhase section */
		7F8BAA302944683900AC32CB /* Sources */ = {
			isa = PBXSourcesBuildPhase;
			buildActionMask = 2147483647;
			files = (
				7F8BAA3C2944683900AC32CB /* AgeruSetViewController.swift in Sources */,
				7F66CD6C294BCB7C0068BCEC /* CreateRoomViewController.swift in Sources */,
				7F8BAA7929473A1A00AC32CB /* AgeruViewController.swift in Sources */,
				7F1B1DA529473B9B0057D568 /* PastAgeViewController.swift in Sources */,
				7F8BAA8129473A4400AC32CB /* AgerareruViewController.swift in Sources */,
				7F66CD5F294B63EC0068BCEC /* AgeruPubilcRoomViewController.swift in Sources */,
				7F8BAA382944683900AC32CB /* AppDelegate.swift in Sources */,
				7F632F80294BFFAE00578F01 /* RoomSelectViewController.swift in Sources */,
				7F8BAA422944683900AC32CB /* p2hacks2022.xcdatamodeld in Sources */,
				7F8BAA3A2944683900AC32CB /* SceneDelegate.swift in Sources */,
				7FD113F52949FBCF007497BE /* AgeruPopupViewController.swift in Sources */,
				7F8BAA702947397100AC32CB /* TitleViewController.swift in Sources */,
				7F66CD5B294B41300068BCEC /* UIColor.swift in Sources */,
				7F2FF89F294E75D1000752D2 /* SelectCheckViewController.swift in Sources */,
			);
			runOnlyForDeploymentPostprocessing = 0;
		};
		7F8BAA492944683B00AC32CB /* Sources */ = {
			isa = PBXSourcesBuildPhase;
			buildActionMask = 2147483647;
			files = (
				7F2FF8A0294E75D1000752D2 /* SelectCheckViewController.swift in Sources */,
				7F8BAA522944683B00AC32CB /* p2hacks2022Tests.swift in Sources */,
				7F1B1DA629473B9B0057D568 /* PastAgeViewController.swift in Sources */,
				7FD113F02949FB9D007497BE /* AgeruSetViewController.swift in Sources */,
				7F8BAA8229473A4400AC32CB /* AgerareruViewController.swift in Sources */,
				7F66CD6D294BCB7C0068BCEC /* CreateRoomViewController.swift in Sources */,
				7F8BAA7A29473A1A00AC32CB /* AgeruViewController.swift in Sources */,
				7F66CD60294B63EC0068BCEC /* AgeruPubilcRoomViewController.swift in Sources */,
				7F8BAA712947397100AC32CB /* TitleViewController.swift in Sources */,
				7FD113F62949FBCF007497BE /* AgeruPopupViewController.swift in Sources */,
				7F632F81294BFFAE00578F01 /* RoomSelectViewController.swift in Sources */,
			);
			runOnlyForDeploymentPostprocessing = 0;
		};
		7F8BAA532944683B00AC32CB /* Sources */ = {
			isa = PBXSourcesBuildPhase;
			buildActionMask = 2147483647;
			files = (
				7FD113F72949FBCF007497BE /* AgeruPopupViewController.swift in Sources */,
				7F1B1DA729473B9B0057D568 /* PastAgeViewController.swift in Sources */,
				7F8BAA5C2944683B00AC32CB /* p2hacks2022UITests.swift in Sources */,
				7F8BAA5E2944683B00AC32CB /* p2hacks2022UITestsLaunchTests.swift in Sources */,
				7F8BAA8329473A4400AC32CB /* AgerareruViewController.swift in Sources */,
				7F8BAA722947397100AC32CB /* TitleViewController.swift in Sources */,
				7F8BAA7B29473A1A00AC32CB /* AgeruViewController.swift in Sources */,
				7F2FF8A1294E75D1000752D2 /* SelectCheckViewController.swift in Sources */,
				7FD113F12949FB9E007497BE /* AgeruSetViewController.swift in Sources */,
				7F66CD61294B63EC0068BCEC /* AgeruPubilcRoomViewController.swift in Sources */,
				7F632F82294BFFAE00578F01 /* RoomSelectViewController.swift in Sources */,
				7F66CD6E294BCB7C0068BCEC /* CreateRoomViewController.swift in Sources */,
			);
			runOnlyForDeploymentPostprocessing = 0;
		};
/* End PBXSourcesBuildPhase section */

/* Begin PBXTargetDependency section */
		7F8BAA4F2944683B00AC32CB /* PBXTargetDependency */ = {
			isa = PBXTargetDependency;
			target = 7F8BAA332944683900AC32CB /* p2hacks2022 */;
			targetProxy = 7F8BAA4E2944683B00AC32CB /* PBXContainerItemProxy */;
		};
		7F8BAA592944683B00AC32CB /* PBXTargetDependency */ = {
			isa = PBXTargetDependency;
			target = 7F8BAA332944683900AC32CB /* p2hacks2022 */;
			targetProxy = 7F8BAA582944683B00AC32CB /* PBXContainerItemProxy */;
		};
/* End PBXTargetDependency section */

/* Begin PBXVariantGroup section */
		7F8BAA3D2944683900AC32CB /* Title.storyboard */ = {
			isa = PBXVariantGroup;
			children = (
				7F8BAA3E2944683900AC32CB /* Base */,
			);
			name = Title.storyboard;
			sourceTree = "<group>";
		};
		7F8BAA452944683A00AC32CB /* LaunchScreen.storyboard */ = {
			isa = PBXVariantGroup;
			children = (
				7F8BAA462944683A00AC32CB /* Base */,
			);
			name = LaunchScreen.storyboard;
			sourceTree = "<group>";
		};
/* End PBXVariantGroup section */

/* Begin XCBuildConfiguration section */
		7F8BAA5F2944683B00AC32CB /* Debug */ = {
			isa = XCBuildConfiguration;
			buildSettings = {
				ALWAYS_SEARCH_USER_PATHS = NO;
				CLANG_ANALYZER_NONNULL = YES;
				CLANG_ANALYZER_NUMBER_OBJECT_CONVERSION = YES_AGGRESSIVE;
				CLANG_CXX_LANGUAGE_STANDARD = "gnu++20";
				CLANG_ENABLE_MODULES = YES;
				CLANG_ENABLE_OBJC_ARC = YES;
				CLANG_ENABLE_OBJC_WEAK = YES;
				CLANG_WARN_BLOCK_CAPTURE_AUTORELEASING = YES;
				CLANG_WARN_BOOL_CONVERSION = YES;
				CLANG_WARN_COMMA = YES;
				CLANG_WARN_CONSTANT_CONVERSION = YES;
				CLANG_WARN_DEPRECATED_OBJC_IMPLEMENTATIONS = YES;
				CLANG_WARN_DIRECT_OBJC_ISA_USAGE = YES_ERROR;
				CLANG_WARN_DOCUMENTATION_COMMENTS = YES;
				CLANG_WARN_EMPTY_BODY = YES;
				CLANG_WARN_ENUM_CONVERSION = YES;
				CLANG_WARN_INFINITE_RECURSION = YES;
				CLANG_WARN_INT_CONVERSION = YES;
				CLANG_WARN_NON_LITERAL_NULL_CONVERSION = YES;
				CLANG_WARN_OBJC_IMPLICIT_RETAIN_SELF = YES;
				CLANG_WARN_OBJC_LITERAL_CONVERSION = YES;
				CLANG_WARN_OBJC_ROOT_CLASS = YES_ERROR;
				CLANG_WARN_QUOTED_INCLUDE_IN_FRAMEWORK_HEADER = YES;
				CLANG_WARN_RANGE_LOOP_ANALYSIS = YES;
				CLANG_WARN_STRICT_PROTOTYPES = YES;
				CLANG_WARN_SUSPICIOUS_MOVE = YES;
				CLANG_WARN_UNGUARDED_AVAILABILITY = YES_AGGRESSIVE;
				CLANG_WARN_UNREACHABLE_CODE = YES;
				CLANG_WARN__DUPLICATE_METHOD_MATCH = YES;
				COPY_PHASE_STRIP = NO;
				DEBUG_INFORMATION_FORMAT = dwarf;
				ENABLE_STRICT_OBJC_MSGSEND = YES;
				ENABLE_TESTABILITY = YES;
				GCC_C_LANGUAGE_STANDARD = gnu11;
				GCC_DYNAMIC_NO_PIC = NO;
				GCC_NO_COMMON_BLOCKS = YES;
				GCC_OPTIMIZATION_LEVEL = 0;
				GCC_PREPROCESSOR_DEFINITIONS = (
					"DEBUG=1",
					"$(inherited)",
				);
				GCC_WARN_64_TO_32_BIT_CONVERSION = YES;
				GCC_WARN_ABOUT_RETURN_TYPE = YES_ERROR;
				GCC_WARN_UNDECLARED_SELECTOR = YES;
				GCC_WARN_UNINITIALIZED_AUTOS = YES_AGGRESSIVE;
				GCC_WARN_UNUSED_FUNCTION = YES;
				GCC_WARN_UNUSED_VARIABLE = YES;
				INFOPLIST_KEY_UIMainStoryboardFile = Title;
				INFOPLIST_KEY_UIUserInterfaceStyle = Automatic;
				IPHONEOS_DEPLOYMENT_TARGET = 16.1;
				MTL_ENABLE_DEBUG_INFO = INCLUDE_SOURCE;
				MTL_FAST_MATH = YES;
				ONLY_ACTIVE_ARCH = YES;
				SDKROOT = iphoneos;
				SWIFT_ACTIVE_COMPILATION_CONDITIONS = DEBUG;
				SWIFT_OPTIMIZATION_LEVEL = "-Onone";
			};
			name = Debug;
		};
		7F8BAA602944683B00AC32CB /* Release */ = {
			isa = XCBuildConfiguration;
			buildSettings = {
				ALWAYS_SEARCH_USER_PATHS = NO;
				CLANG_ANALYZER_NONNULL = YES;
				CLANG_ANALYZER_NUMBER_OBJECT_CONVERSION = YES_AGGRESSIVE;
				CLANG_CXX_LANGUAGE_STANDARD = "gnu++20";
				CLANG_ENABLE_MODULES = YES;
				CLANG_ENABLE_OBJC_ARC = YES;
				CLANG_ENABLE_OBJC_WEAK = YES;
				CLANG_WARN_BLOCK_CAPTURE_AUTORELEASING = YES;
				CLANG_WARN_BOOL_CONVERSION = YES;
				CLANG_WARN_COMMA = YES;
				CLANG_WARN_CONSTANT_CONVERSION = YES;
				CLANG_WARN_DEPRECATED_OBJC_IMPLEMENTATIONS = YES;
				CLANG_WARN_DIRECT_OBJC_ISA_USAGE = YES_ERROR;
				CLANG_WARN_DOCUMENTATION_COMMENTS = YES;
				CLANG_WARN_EMPTY_BODY = YES;
				CLANG_WARN_ENUM_CONVERSION = YES;
				CLANG_WARN_INFINITE_RECURSION = YES;
				CLANG_WARN_INT_CONVERSION = YES;
				CLANG_WARN_NON_LITERAL_NULL_CONVERSION = YES;
				CLANG_WARN_OBJC_IMPLICIT_RETAIN_SELF = YES;
				CLANG_WARN_OBJC_LITERAL_CONVERSION = YES;
				CLANG_WARN_OBJC_ROOT_CLASS = YES_ERROR;
				CLANG_WARN_QUOTED_INCLUDE_IN_FRAMEWORK_HEADER = YES;
				CLANG_WARN_RANGE_LOOP_ANALYSIS = YES;
				CLANG_WARN_STRICT_PROTOTYPES = YES;
				CLANG_WARN_SUSPICIOUS_MOVE = YES;
				CLANG_WARN_UNGUARDED_AVAILABILITY = YES_AGGRESSIVE;
				CLANG_WARN_UNREACHABLE_CODE = YES;
				CLANG_WARN__DUPLICATE_METHOD_MATCH = YES;
				COPY_PHASE_STRIP = NO;
				DEBUG_INFORMATION_FORMAT = "dwarf-with-dsym";
				ENABLE_NS_ASSERTIONS = NO;
				ENABLE_STRICT_OBJC_MSGSEND = YES;
				GCC_C_LANGUAGE_STANDARD = gnu11;
				GCC_NO_COMMON_BLOCKS = YES;
				GCC_WARN_64_TO_32_BIT_CONVERSION = YES;
				GCC_WARN_ABOUT_RETURN_TYPE = YES_ERROR;
				GCC_WARN_UNDECLARED_SELECTOR = YES;
				GCC_WARN_UNINITIALIZED_AUTOS = YES_AGGRESSIVE;
				GCC_WARN_UNUSED_FUNCTION = YES;
				GCC_WARN_UNUSED_VARIABLE = YES;
				INFOPLIST_KEY_UIMainStoryboardFile = Title;
				INFOPLIST_KEY_UIUserInterfaceStyle = Automatic;
				IPHONEOS_DEPLOYMENT_TARGET = 16.1;
				MTL_ENABLE_DEBUG_INFO = NO;
				MTL_FAST_MATH = YES;
				SDKROOT = iphoneos;
				SWIFT_COMPILATION_MODE = wholemodule;
				SWIFT_OPTIMIZATION_LEVEL = "-O";
				VALIDATE_PRODUCT = YES;
			};
			name = Release;
		};
		7F8BAA622944683B00AC32CB /* Debug */ = {
			isa = XCBuildConfiguration;
			buildSettings = {
				ASSETCATALOG_COMPILER_APPICON_NAME = AppIcon;
				ASSETCATALOG_COMPILER_GLOBAL_ACCENT_COLOR_NAME = AccentColor;
				CODE_SIGN_IDENTITY = "Apple Development";
				CODE_SIGN_STYLE = Automatic;
				CURRENT_PROJECT_VERSION = 1;
				DEVELOPMENT_TEAM = QTD679H73U;
				GENERATE_INFOPLIST_FILE = YES;
				INFOPLIST_FILE = p2hacks2022/Info.plist;
				INFOPLIST_KEY_CFBundleDisplayName = "DO アゲ！";
				INFOPLIST_KEY_UIApplicationSupportsIndirectInputEvents = YES;
				INFOPLIST_KEY_UILaunchStoryboardName = LaunchScreen;
				INFOPLIST_KEY_UIMainStoryboardFile = Title;
				INFOPLIST_KEY_UISupportedInterfaceOrientations_iPad = "UIInterfaceOrientationPortrait UIInterfaceOrientationPortraitUpsideDown UIInterfaceOrientationLandscapeLeft UIInterfaceOrientationLandscapeRight";
				INFOPLIST_KEY_UISupportedInterfaceOrientations_iPhone = "UIInterfaceOrientationPortrait UIInterfaceOrientationLandscapeLeft UIInterfaceOrientationLandscapeRight";
				INFOPLIST_KEY_UIUserInterfaceStyle = Automatic;
				LD_RUNPATH_SEARCH_PATHS = (
					"$(inherited)",
					"@executable_path/Frameworks",
				);
				MARKETING_VERSION = 1.0;
				PRODUCT_BUNDLE_IDENTIFIER = Lodging.Uehara.p2hacks2022a;
				PRODUCT_NAME = "$(TARGET_NAME)";
				PROVISIONING_PROFILE_SPECIFIER = "";
				SWIFT_EMIT_LOC_STRINGS = YES;
				SWIFT_VERSION = 5.0;
				TARGETED_DEVICE_FAMILY = "1,2";
			};
			name = Debug;
		};
		7F8BAA632944683B00AC32CB /* Release */ = {
			isa = XCBuildConfiguration;
			buildSettings = {
				ASSETCATALOG_COMPILER_APPICON_NAME = AppIcon;
				ASSETCATALOG_COMPILER_GLOBAL_ACCENT_COLOR_NAME = AccentColor;
				CODE_SIGN_STYLE = Automatic;
				CURRENT_PROJECT_VERSION = 1;
				DEVELOPMENT_TEAM = QTD679H73U;
				GENERATE_INFOPLIST_FILE = YES;
				INFOPLIST_FILE = p2hacks2022/Info.plist;
				INFOPLIST_KEY_CFBundleDisplayName = "DO アゲ！";
				INFOPLIST_KEY_UIApplicationSupportsIndirectInputEvents = YES;
				INFOPLIST_KEY_UILaunchStoryboardName = LaunchScreen;
				INFOPLIST_KEY_UIMainStoryboardFile = Title;
				INFOPLIST_KEY_UISupportedInterfaceOrientations_iPad = "UIInterfaceOrientationPortrait UIInterfaceOrientationPortraitUpsideDown UIInterfaceOrientationLandscapeLeft UIInterfaceOrientationLandscapeRight";
				INFOPLIST_KEY_UISupportedInterfaceOrientations_iPhone = "UIInterfaceOrientationPortrait UIInterfaceOrientationLandscapeLeft UIInterfaceOrientationLandscapeRight";
				INFOPLIST_KEY_UIUserInterfaceStyle = Automatic;
				LD_RUNPATH_SEARCH_PATHS = (
					"$(inherited)",
					"@executable_path/Frameworks",
				);
				MARKETING_VERSION = 1.0;
				PRODUCT_BUNDLE_IDENTIFIER = Lodging.Uehara.p2hacks2022a;
				PRODUCT_NAME = "$(TARGET_NAME)";
				SWIFT_EMIT_LOC_STRINGS = YES;
				SWIFT_VERSION = 5.0;
				TARGETED_DEVICE_FAMILY = "1,2";
			};
			name = Release;
		};
		7F8BAA652944683B00AC32CB /* Debug */ = {
			isa = XCBuildConfiguration;
			buildSettings = {
				ALWAYS_EMBED_SWIFT_STANDARD_LIBRARIES = YES;
				BUNDLE_LOADER = "$(TEST_HOST)";
				CODE_SIGN_STYLE = Automatic;
				CURRENT_PROJECT_VERSION = 1;
				GENERATE_INFOPLIST_FILE = YES;
				IPHONEOS_DEPLOYMENT_TARGET = 16.1;
				MARKETING_VERSION = 1.0;
				PRODUCT_BUNDLE_IDENTIFIER = Lodging.Uehara.p2hacks2022Tests;
				PRODUCT_NAME = "$(TARGET_NAME)";
				SWIFT_EMIT_LOC_STRINGS = NO;
				SWIFT_VERSION = 5.0;
				TARGETED_DEVICE_FAMILY = "1,2";
				TEST_HOST = "$(BUILT_PRODUCTS_DIR)/p2hacks2022.app/$(BUNDLE_EXECUTABLE_FOLDER_PATH)/p2hacks2022";
			};
			name = Debug;
		};
		7F8BAA662944683B00AC32CB /* Release */ = {
			isa = XCBuildConfiguration;
			buildSettings = {
				ALWAYS_EMBED_SWIFT_STANDARD_LIBRARIES = YES;
				BUNDLE_LOADER = "$(TEST_HOST)";
				CODE_SIGN_STYLE = Automatic;
				CURRENT_PROJECT_VERSION = 1;
				GENERATE_INFOPLIST_FILE = YES;
				IPHONEOS_DEPLOYMENT_TARGET = 16.1;
				MARKETING_VERSION = 1.0;
				PRODUCT_BUNDLE_IDENTIFIER = Lodging.Uehara.p2hacks2022Tests;
				PRODUCT_NAME = "$(TARGET_NAME)";
				SWIFT_EMIT_LOC_STRINGS = NO;
				SWIFT_VERSION = 5.0;
				TARGETED_DEVICE_FAMILY = "1,2";
				TEST_HOST = "$(BUILT_PRODUCTS_DIR)/p2hacks2022.app/$(BUNDLE_EXECUTABLE_FOLDER_PATH)/p2hacks2022";
			};
			name = Release;
		};
		7F8BAA682944683B00AC32CB /* Debug */ = {
			isa = XCBuildConfiguration;
			buildSettings = {
				ALWAYS_EMBED_SWIFT_STANDARD_LIBRARIES = YES;
				CODE_SIGN_STYLE = Automatic;
				CURRENT_PROJECT_VERSION = 1;
				GENERATE_INFOPLIST_FILE = YES;
				MARKETING_VERSION = 1.0;
				PRODUCT_BUNDLE_IDENTIFIER = Lodging.Uehara.p2hacks2022UITests;
				PRODUCT_NAME = "$(TARGET_NAME)";
				SWIFT_EMIT_LOC_STRINGS = NO;
				SWIFT_VERSION = 5.0;
				TARGETED_DEVICE_FAMILY = "1,2";
				TEST_TARGET_NAME = p2hacks2022;
			};
			name = Debug;
		};
		7F8BAA692944683B00AC32CB /* Release */ = {
			isa = XCBuildConfiguration;
			buildSettings = {
				ALWAYS_EMBED_SWIFT_STANDARD_LIBRARIES = YES;
				CODE_SIGN_STYLE = Automatic;
				CURRENT_PROJECT_VERSION = 1;
				GENERATE_INFOPLIST_FILE = YES;
				MARKETING_VERSION = 1.0;
				PRODUCT_BUNDLE_IDENTIFIER = Lodging.Uehara.p2hacks2022UITests;
				PRODUCT_NAME = "$(TARGET_NAME)";
				SWIFT_EMIT_LOC_STRINGS = NO;
				SWIFT_VERSION = 5.0;
				TARGETED_DEVICE_FAMILY = "1,2";
				TEST_TARGET_NAME = p2hacks2022;
			};
			name = Release;
		};
/* End XCBuildConfiguration section */

/* Begin XCConfigurationList section */
		7F8BAA2F2944683900AC32CB /* Build configuration list for PBXProject "p2hacks2022" */ = {
			isa = XCConfigurationList;
			buildConfigurations = (
				7F8BAA5F2944683B00AC32CB /* Debug */,
				7F8BAA602944683B00AC32CB /* Release */,
			);
			defaultConfigurationIsVisible = 0;
			defaultConfigurationName = Release;
		};
		7F8BAA612944683B00AC32CB /* Build configuration list for PBXNativeTarget "p2hacks2022" */ = {
			isa = XCConfigurationList;
			buildConfigurations = (
				7F8BAA622944683B00AC32CB /* Debug */,
				7F8BAA632944683B00AC32CB /* Release */,
			);
			defaultConfigurationIsVisible = 0;
			defaultConfigurationName = Release;
		};
		7F8BAA642944683B00AC32CB /* Build configuration list for PBXNativeTarget "p2hacks2022Tests" */ = {
			isa = XCConfigurationList;
			buildConfigurations = (
				7F8BAA652944683B00AC32CB /* Debug */,
				7F8BAA662944683B00AC32CB /* Release */,
			);
			defaultConfigurationIsVisible = 0;
			defaultConfigurationName = Release;
		};
		7F8BAA672944683B00AC32CB /* Build configuration list for PBXNativeTarget "p2hacks2022UITests" */ = {
			isa = XCConfigurationList;
			buildConfigurations = (
				7F8BAA682944683B00AC32CB /* Debug */,
				7F8BAA692944683B00AC32CB /* Release */,
			);
			defaultConfigurationIsVisible = 0;
			defaultConfigurationName = Release;
		};
/* End XCConfigurationList section */

/* Begin XCRemoteSwiftPackageReference section */
		7F632F9C294D1F0900578F01 /* XCRemoteSwiftPackageReference "firebase-ios-sdk" */ = {
			isa = XCRemoteSwiftPackageReference;
			repositoryURL = "https://github.com/firebase/firebase-ios-sdk.git";
			requirement = {
				kind = upToNextMajorVersion;
				minimumVersion = 9.0.0;
			};
		};
		7F632FA1294D20D500578F01 /* XCRemoteSwiftPackageReference "SwiftyGif" */ = {
			isa = XCRemoteSwiftPackageReference;
			repositoryURL = "https://github.com/kirualex/SwiftyGif";
			requirement = {
				kind = upToNextMajorVersion;
				minimumVersion = 5.0.0;
			};
		};
/* End XCRemoteSwiftPackageReference section */

/* Begin XCSwiftPackageProductDependency section */
		7F632F9D294D1F0900578F01 /* FirebaseAnalytics */ = {
			isa = XCSwiftPackageProductDependency;
			package = 7F632F9C294D1F0900578F01 /* XCRemoteSwiftPackageReference "firebase-ios-sdk" */;
			productName = FirebaseAnalytics;
		};
		7F632F9F294D1F0900578F01 /* FirebaseDatabase */ = {
			isa = XCSwiftPackageProductDependency;
			package = 7F632F9C294D1F0900578F01 /* XCRemoteSwiftPackageReference "firebase-ios-sdk" */;
			productName = FirebaseDatabase;
		};
		7F632FA2294D20D500578F01 /* SwiftyGif */ = {
			isa = XCSwiftPackageProductDependency;
			package = 7F632FA1294D20D500578F01 /* XCRemoteSwiftPackageReference "SwiftyGif" */;
			productName = SwiftyGif;
		};
/* End XCSwiftPackageProductDependency section */

/* Begin XCVersionGroup section */
		7F8BAA402944683900AC32CB /* p2hacks2022.xcdatamodeld */ = {
			isa = XCVersionGroup;
			children = (
				7F8BAA412944683900AC32CB /* p2hacks2022.xcdatamodel */,
			);
			currentVersion = 7F8BAA412944683900AC32CB /* p2hacks2022.xcdatamodel */;
			path = p2hacks2022.xcdatamodeld;
			sourceTree = "<group>";
			versionGroupType = wrapper.xcdatamodel;
		};
/* End XCVersionGroup section */
	};
	rootObject = 7F8BAA2C2944683900AC32CB /* Project object */;
}
